
Microsoft Visual Studio Solution File, Format Version 12.00
# Visual Studio Version 17
VisualStudioVersion = 17.14.36414.22 d17.14
MinimumVisualStudioVersion = 10.0.40219.1
Project("{FAE04EC0-301F-11D3-BF4B-00C04F79EFBC}") = "Templates", "Templates.csproj", "{0E86D77F-3A12-4CA9-8A3E-300BAD196F17}"
EndProject
Global
	GlobalSection(SolutionConfigurationPlatforms) = preSolution
		Debug|Any CPU = Debug|Any CPU
		Release|Any CPU = Release|Any CPU
	EndGlobalSection
	GlobalSection(ProjectConfigurationPlatforms) = postSolution
		{0E86D77F-3A12-4CA9-8A3E-300BAD196F17}.Debug|Any CPU.ActiveCfg = Debug|Any CPU
		{0E86D77F-3A12-4CA9-8A3E-300BAD196F17}.Debug|Any CPU.Build.0 = Debug|Any CPU
		{0E86D77F-3A12-4CA9-8A3E-300BAD196F17}.Release|Any CPU.ActiveCfg = Release|Any CPU
		{0E86D77F-3A12-4CA9-8A3E-300BAD196F17}.Release|Any CPU.Build.0 = Release|Any CPU
	EndGlobalSection
	GlobalSection(SolutionProperties) = preSolution
		HideSolutionNode = FALSE
	EndGlobalSection
	GlobalSection(ExtensibilityGlobals) = postSolution
		SolutionGuid = {E650B105-607C-45B6-B6E4-346360A30F6D}
	EndGlobalSection
EndGlobal
